
Microsoft Visual Studio Solution File, Format Version 12.00
# Visual Studio Version 17
VisualStudioVersion = 17.3.32929.385
MinimumVisualStudioVersion = 10.0.40219.1
Project("{9A19103F-16F7-4668-BE54-9A1E7A4F7556}") = "Calculator11", "Calculator11\Calculator11.csproj", "{F6B68129-C66D-4DC5-8DCE-DA6DE683E8E3}"
EndProject
Project("{FAE04EC0-301F-11D3-BF4B-00C04F79EFBC}") = "MSTestUnitTest", "MSTestUnitTest\MSTestUnitTest.csproj", "{9A1D658F-5587-4D69-AED5-C7D6B7E48315}"
EndProject
Global
	GlobalSection(SolutionConfigurationPlatforms) = preSolution
		Debug|Any CPU = Debug|Any CPU
		Release|Any CPU = Release|Any CPU
	EndGlobalSection
	GlobalSection(ProjectConfigurationPlatforms) = postSolution
		{F6B68129-C66D-4DC5-8DCE-DA6DE683E8E3}.Debug|Any CPU.ActiveCfg = Debug|Any CPU
		{F6B68129-C66D-4DC5-8DCE-DA6DE683E8E3}.Debug|Any CPU.Build.0 = Debug|Any CPU
		{F6B68129-C66D-4DC5-8DCE-DA6DE683E8E3}.Release|Any CPU.ActiveCfg = Release|Any CPU
		{F6B68129-C66D-4DC5-8DCE-DA6DE683E8E3}.Release|Any CPU.Build.0 = Release|Any CPU
		{9A1D658F-5587-4D69-AED5-C7D6B7E48315}.Debug|Any CPU.ActiveCfg = Debug|Any CPU
		{9A1D658F-5587-4D69-AED5-C7D6B7E48315}.Debug|Any CPU.Build.0 = Debug|Any CPU
		{9A1D658F-5587-4D69-AED5-C7D6B7E48315}.Release|Any CPU.ActiveCfg = Release|Any CPU
		{9A1D658F-5587-4D69-AED5-C7D6B7E48315}.Release|Any CPU.Build.0 = Release|Any CPU
	EndGlobalSection
	GlobalSection(SolutionProperties) = preSolution
		HideSolutionNode = FALSE
	EndGlobalSection
	GlobalSection(ExtensibilityGlobals) = postSolution
		SolutionGuid = {605DAE9B-F06A-44D4-8238-7E0EDE437C70}
	EndGlobalSection
EndGlobal
